
Microsoft Visual Studio Solution File, Format Version 12.00
# Visual Studio 15
VisualStudioVersion = 15.0.28307.1231
MinimumVisualStudioVersion = 10.0.40219.1
Project("{FAE04EC0-301F-11D3-BF4B-00C04F79EFBC}") = "CSF1Homework", "CSF1Homework\CSF1Homework.csproj", "{CC6BD6CE-C297-4BF5-B358-B856D6129724}"
EndProject
Global
	GlobalSection(SolutionConfigurationPlatforms) = preSolution
		Debug|Any CPU = Debug|Any CPU
		Release|Any CPU = Release|Any CPU
	EndGlobalSection
	GlobalSection(ProjectConfigurationPlatforms) = postSolution
		{CC6BD6CE-C297-4BF5-B358-B856D6129724}.Debug|Any CPU.ActiveCfg = Debug|Any CPU
		{CC6BD6CE-C297-4BF5-B358-B856D6129724}.Debug|Any CPU.Build.0 = Debug|Any CPU
		{CC6BD6CE-C297-4BF5-B358-B856D6129724}.Release|Any CPU.ActiveCfg = Release|Any CPU
		{CC6BD6CE-C297-4BF5-B358-B856D6129724}.Release|Any CPU.Build.0 = Release|Any CPU
	EndGlobalSection
	GlobalSection(SolutionProperties) = preSolution
		HideSolutionNode = FALSE
	EndGlobalSection
	GlobalSection(ExtensibilityGlobals) = postSolution
		SolutionGuid = {B038ACBD-E05C-48AE-95A8-FE639B0496A7}
	EndGlobalSection
EndGlobal
